// !$*UTF8*$!
{
	archiveVersion = 1;
	classes = {
	};
	objectVersion = 77;
	objects = {

/* Begin PBXBuildFile section */
		1BB86A082DB0B16500A91945 /* LanguageSupport in Frameworks */ = {isa = PBXBuildFile; productRef = 1BB86A072DB0B16500A91945 /* LanguageSupport */; };
		1BB86A6A2DB4471800A91945 /* MetalKit.framework in Frameworks */ = {isa = PBXBuildFile; fileRef = 1BB86A682DB4471800A91945 /* MetalKit.framework */; };
		1BB86A6B2DB4471800A91945 /* Metal.framework in Frameworks */ = {isa = PBXBuildFile; fileRef = 1BB86A692DB4471800A91945 /* Metal.framework */; };
		1BB86A802DB4571F00A91945 /* LanguageSupport in Frameworks */ = {isa = PBXBuildFile; productRef = 1BFF50CD2DB08DE5007E7497 /* LanguageSupport */; };
		1BB86AD12DB466FC00A91945 /* libSatin.dylib in Embed Frameworks */ = {isa = PBXBuildFile; fileRef = 1BB86ACF2DB466E700A91945 /* libSatin.dylib */; settings = {ATTRIBUTES = (CodeSignOnCopy, ); }; };
		1BB86AD22DB466FE00A91945 /* libSatinCore.dylib in Embed Frameworks */ = {isa = PBXBuildFile; fileRef = 1BB86AD02DB466E700A91945 /* libSatinCore.dylib */; settings = {ATTRIBUTES = (CodeSignOnCopy, ); }; };
		1BFF50CC2DB08DE5007E7497 /* CodeEditorView in Frameworks */ = {isa = PBXBuildFile; productRef = 1BFF50CB2DB08DE5007E7497 /* CodeEditorView */; };
/* End PBXBuildFile section */

/* Begin PBXCopyFilesBuildPhase section */
		1BB86A722DB451EE00A91945 /* Embed Frameworks */ = {
			isa = PBXCopyFilesBuildPhase;
			buildActionMask = 2147483647;
			dstPath = "";
			dstSubfolderSpec = 11;
			files = (
				1BB86AD12DB466FC00A91945 /* libSatin.dylib in Embed Frameworks */,
				1BB86AD22DB466FE00A91945 /* libSatinCore.dylib in Embed Frameworks */,
			);
			name = "Embed Frameworks";
			runOnlyForDeploymentPostprocessing = 0;
		};
		1BB86ACE2DB464C500A91945 /* Embed Frameworks */ = {
			isa = PBXCopyFilesBuildPhase;
			buildActionMask = 2147483647;
			dstPath = "";
			dstSubfolderSpec = 10;
			files = (
			);
			name = "Embed Frameworks";
			runOnlyForDeploymentPostprocessing = 0;
		};
/* End PBXCopyFilesBuildPhase section */

/* Begin PBXFileReference section */
		1BB86A452DB18CC700A91945 /* Velvet.xcodeproj */ = {isa = PBXFileReference; lastKnownFileType = "wrapper.pb-project"; name = Velvet.xcodeproj; path = /Users/vade/Documents/Repositories/Fabric/Velvet/Velvet.xcodeproj; sourceTree = "<absolute>"; };
		1BB86A682DB4471800A91945 /* MetalKit.framework */ = {isa = PBXFileReference; lastKnownFileType = wrapper.framework; name = MetalKit.framework; path = System/Library/Frameworks/MetalKit.framework; sourceTree = SDKROOT; };
		1BB86A692DB4471800A91945 /* Metal.framework */ = {isa = PBXFileReference; lastKnownFileType = wrapper.framework; name = Metal.framework; path = System/Library/Frameworks/Metal.framework; sourceTree = SDKROOT; };
		1BB86ACF2DB466E700A91945 /* libSatin.dylib */ = {isa = PBXFileReference; lastKnownFileType = "compiled.mach-o.dylib"; name = libSatin.dylib; path = ../Satin/build/libSatin.dylib; sourceTree = SOURCE_ROOT; };
		1BB86AD02DB466E700A91945 /* libSatinCore.dylib */ = {isa = PBXFileReference; lastKnownFileType = "compiled.mach-o.dylib"; name = libSatinCore.dylib; path = ../Satin/build/libSatinCore.dylib; sourceTree = SOURCE_ROOT; };
		1BB86ADE2DB57AC200A91945 /* README.md */ = {isa = PBXFileReference; lastKnownFileType = net.daringfireball.markdown; path = README.md; sourceTree = "<group>"; };
		1BFF50A72DB07542007E7497 /* Velvet.app */ = {isa = PBXFileReference; explicitFileType = wrapper.application; includeInIndex = 0; path = Velvet.app; sourceTree = BUILT_PRODUCTS_DIR; };
/* End PBXFileReference section */

/* Begin PBXFileSystemSynchronizedBuildFileExceptionSet section */
		1BB86A4F2DB2BB5100A91945 /* Exceptions for "Velvet" folder in "Velvet" target */ = {
			isa = PBXFileSystemSynchronizedBuildFileExceptionSet;
			membershipExceptions = (
				Renderer3D__.swift,
				Renderer3D.swift,
			);
			target = 1BFF50A62DB07542007E7497 /* Velvet */;
		};
/* End PBXFileSystemSynchronizedBuildFileExceptionSet section */

/* Begin PBXFileSystemSynchronizedRootGroup section */
		1BFF50A92DB07542007E7497 /* Velvet */ = {
			isa = PBXFileSystemSynchronizedRootGroup;
			exceptions = (
				1BB86A4F2DB2BB5100A91945 /* Exceptions for "Velvet" folder in "Velvet" target */,
			);
			path = Velvet;
			sourceTree = "<group>";
		};
/* End PBXFileSystemSynchronizedRootGroup section */

/* Begin PBXFrameworksBuildPhase section */
		1BFF50A42DB07542007E7497 /* Frameworks */ = {
			isa = PBXFrameworksBuildPhase;
			buildActionMask = 2147483647;
			files = (
				1BB86A802DB4571F00A91945 /* LanguageSupport in Frameworks */,
				1BB86A6A2DB4471800A91945 /* MetalKit.framework in Frameworks */,
				1BB86A6B2DB4471800A91945 /* Metal.framework in Frameworks */,
				1BB86A082DB0B16500A91945 /* LanguageSupport in Frameworks */,
				1BFF50CC2DB08DE5007E7497 /* CodeEditorView in Frameworks */,
			);
			runOnlyForDeploymentPostprocessing = 0;
		};
/* End PBXFrameworksBuildPhase section */

/* Begin PBXGroup section */
		1BB86A442DB18CC700A91945 /* Frameworks */ = {
			isa = PBXGroup;
			children = (
				1BB86ACF2DB466E700A91945 /* libSatin.dylib */,
				1BB86AD02DB466E700A91945 /* libSatinCore.dylib */,
				1BB86A692DB4471800A91945 /* Metal.framework */,
				1BB86A682DB4471800A91945 /* MetalKit.framework */,
				1BB86A452DB18CC700A91945 /* Velvet.xcodeproj */,
			);
			name = Frameworks;
			sourceTree = "<group>";
		};
		1BB86A962DB4571F00A91945 /* Products */ = {
			isa = PBXGroup;
			name = Products;
			sourceTree = "<group>";
		};
		1BFF509E2DB07542007E7497 = {
			isa = PBXGroup;
			children = (
				1BB86ADE2DB57AC200A91945 /* README.md */,
				1BFF50A92DB07542007E7497 /* Velvet */,
				1BB86A442DB18CC700A91945 /* Frameworks */,
				1BFF50A82DB07542007E7497 /* Products */,
			);
			sourceTree = "<group>";
		};
		1BFF50A82DB07542007E7497 /* Products */ = {
			isa = PBXGroup;
			children = (
				1BFF50A72DB07542007E7497 /* Velvet.app */,
			);
			name = Products;
			sourceTree = "<group>";
		};
/* End PBXGroup section */

/* Begin PBXNativeTarget section */
		1BFF50A62DB07542007E7497 /* Velvet */ = {
			isa = PBXNativeTarget;
			buildConfigurationList = 1BFF50B62DB07543007E7497 /* Build configuration list for PBXNativeTarget "Velvet" */;
			buildPhases = (
				1BFF50A32DB07542007E7497 /* Sources */,
				1BFF50A42DB07542007E7497 /* Frameworks */,
				1BFF50A52DB07542007E7497 /* Resources */,
				1BB86A722DB451EE00A91945 /* Embed Frameworks */,
				1BB86ACE2DB464C500A91945 /* Embed Frameworks */,
			);
			buildRules = (
			);
			dependencies = (
			);
			fileSystemSynchronizedGroups = (
				1BFF50A92DB07542007E7497 /* Velvet */,
			);
			name = Velvet;
			packageProductDependencies = (
				1BFF50CB2DB08DE5007E7497 /* CodeEditorView */,
				1BFF50CD2DB08DE5007E7497 /* LanguageSupport */,
				1BB86A072DB0B16500A91945 /* LanguageSupport */,
			);
			productName = Velvet;
			productReference = 1BFF50A72DB07542007E7497 /* Velvet.app */;
			productType = "com.apple.product-type.application";
		};
/* End PBXNativeTarget section */

/* Begin PBXProject section */
		1BFF509F2DB07542007E7497 /* Project object */ = {
			isa = PBXProject;
			attributes = {
				BuildIndependentTargetsInParallel = 1;
				LastSwiftUpdateCheck = 1600;
				LastUpgradeCheck = 1600;
				TargetAttributes = {
					1BFF50A62DB07542007E7497 = {
						CreatedOnToolsVersion = 16.0;
					};
				};
			};
			buildConfigurationList = 1BFF50A22DB07542007E7497 /* Build configuration list for PBXProject "Velvet" */;
			developmentRegion = en;
			hasScannedForEncodings = 0;
			knownRegions = (
				en,
				Base,
			);
			mainGroup = 1BFF509E2DB07542007E7497;
			minimizedProjectReferenceProxies = 1;
			packageReferences = (
				1BB86A042DB0B16500A91945 /* XCLocalSwiftPackageReference "../CodeEditorView" */,
				1BB86A6C2DB4512600A91945 /* XCLocalSwiftPackageReference "../Satin" */,
			);
			preferredProjectObjectVersion = 77;
			productRefGroup = 1BFF50A82DB07542007E7497 /* Products */;
			projectDirPath = "";
			projectReferences = (
				{
					ProductGroup = 1BB86A962DB4571F00A91945 /* Products */;
					ProjectRef = 1BB86A452DB18CC700A91945 /* Velvet.xcodeproj */;
				},
			);
			projectRoot = "";
			targets = (
				1BFF50A62DB07542007E7497 /* Velvet */,
			);
		};
/* End PBXProject section */

/* Begin PBXResourcesBuildPhase section */
		1BFF50A52DB07542007E7497 /* Resources */ = {
			isa = PBXResourcesBuildPhase;
			buildActionMask = 2147483647;
			files = (
			);
			runOnlyForDeploymentPostprocessing = 0;
		};
/* End PBXResourcesBuildPhase section */

/* Begin PBXSourcesBuildPhase section */
		1BFF50A32DB07542007E7497 /* Sources */ = {
			isa = PBXSourcesBuildPhase;
			buildActionMask = 2147483647;
			files = (
			);
			runOnlyForDeploymentPostprocessing = 0;
		};
/* End PBXSourcesBuildPhase section */

/* Begin XCBuildConfiguration section */
		1BFF50B42DB07543007E7497 /* Debug */ = {
			isa = XCBuildConfiguration;
			buildSettings = {
				ALWAYS_SEARCH_USER_PATHS = NO;
				ASSETCATALOG_COMPILER_GENERATE_SWIFT_ASSET_SYMBOL_EXTENSIONS = YES;
				CLANG_ANALYZER_NONNULL = YES;
				CLANG_ANALYZER_NUMBER_OBJECT_CONVERSION = YES_AGGRESSIVE;
				CLANG_CXX_LANGUAGE_STANDARD = "gnu++20";
				CLANG_ENABLE_MODULES = YES;
				CLANG_ENABLE_OBJC_ARC = YES;
				CLANG_ENABLE_OBJC_WEAK = YES;
				CLANG_WARN_BLOCK_CAPTURE_AUTORELEASING = YES;
				CLANG_WARN_BOOL_CONVERSION = YES;
				CLANG_WARN_COMMA = YES;
				CLANG_WARN_CONSTANT_CONVERSION = YES;
				CLANG_WARN_DEPRECATED_OBJC_IMPLEMENTATIONS = YES;
				CLANG_WARN_DIRECT_OBJC_ISA_USAGE = YES_ERROR;
				CLANG_WARN_DOCUMENTATION_COMMENTS = YES;
				CLANG_WARN_EMPTY_BODY = YES;
				CLANG_WARN_ENUM_CONVERSION = YES;
				CLANG_WARN_INFINITE_RECURSION = YES;
				CLANG_WARN_INT_CONVERSION = YES;
				CLANG_WARN_NON_LITERAL_NULL_CONVERSION = YES;
				CLANG_WARN_OBJC_IMPLICIT_RETAIN_SELF = YES;
				CLANG_WARN_OBJC_LITERAL_CONVERSION = YES;
				CLANG_WARN_OBJC_ROOT_CLASS = YES_ERROR;
				CLANG_WARN_QUOTED_INCLUDE_IN_FRAMEWORK_HEADER = YES;
				CLANG_WARN_RANGE_LOOP_ANALYSIS = YES;
				CLANG_WARN_STRICT_PROTOTYPES = YES;
				CLANG_WARN_SUSPICIOUS_MOVE = YES;
				CLANG_WARN_UNGUARDED_AVAILABILITY = YES_AGGRESSIVE;
				CLANG_WARN_UNREACHABLE_CODE = YES;
				CLANG_WARN__DUPLICATE_METHOD_MATCH = YES;
				COPY_PHASE_STRIP = NO;
				DEBUG_INFORMATION_FORMAT = dwarf;
				ENABLE_STRICT_OBJC_MSGSEND = YES;
				ENABLE_TESTABILITY = YES;
				ENABLE_USER_SCRIPT_SANDBOXING = YES;
				GCC_C_LANGUAGE_STANDARD = gnu17;
				GCC_DYNAMIC_NO_PIC = NO;
				GCC_NO_COMMON_BLOCKS = YES;
				GCC_OPTIMIZATION_LEVEL = 0;
				GCC_PREPROCESSOR_DEFINITIONS = (
					"DEBUG=1",
					"$(inherited)",
				);
				GCC_WARN_64_TO_32_BIT_CONVERSION = YES;
				GCC_WARN_ABOUT_RETURN_TYPE = YES_ERROR;
				GCC_WARN_UNDECLARED_SELECTOR = YES;
				GCC_WARN_UNINITIALIZED_AUTOS = YES_AGGRESSIVE;
				GCC_WARN_UNUSED_FUNCTION = YES;
				GCC_WARN_UNUSED_VARIABLE = YES;
				LOCALIZATION_PREFERS_STRING_CATALOGS = YES;
				MACOSX_DEPLOYMENT_TARGET = 15.0;
				MTL_ENABLE_DEBUG_INFO = INCLUDE_SOURCE;
				MTL_FAST_MATH = YES;
				ONLY_ACTIVE_ARCH = YES;
				SDKROOT = macosx;
				SWIFT_ACTIVE_COMPILATION_CONDITIONS = "DEBUG $(inherited)";
				SWIFT_OPTIMIZATION_LEVEL = "-Onone";
			};
			name = Debug;
		};
		1BFF50B52DB07543007E7497 /* Release */ = {
			isa = XCBuildConfiguration;
			buildSettings = {
				ALWAYS_SEARCH_USER_PATHS = NO;
				ASSETCATALOG_COMPILER_GENERATE_SWIFT_ASSET_SYMBOL_EXTENSIONS = YES;
				CLANG_ANALYZER_NONNULL = YES;
				CLANG_ANALYZER_NUMBER_OBJECT_CONVERSION = YES_AGGRESSIVE;
				CLANG_CXX_LANGUAGE_STANDARD = "gnu++20";
				CLANG_ENABLE_MODULES = YES;
				CLANG_ENABLE_OBJC_ARC = YES;
				CLANG_ENABLE_OBJC_WEAK = YES;
				CLANG_WARN_BLOCK_CAPTURE_AUTORELEASING = YES;
				CLANG_WARN_BOOL_CONVERSION = YES;
				CLANG_WARN_COMMA = YES;
				CLANG_WARN_CONSTANT_CONVERSION = YES;
				CLANG_WARN_DEPRECATED_OBJC_IMPLEMENTATIONS = YES;
				CLANG_WARN_DIRECT_OBJC_ISA_USAGE = YES_ERROR;
				CLANG_WARN_DOCUMENTATION_COMMENTS = YES;
				CLANG_WARN_EMPTY_BODY = YES;
				CLANG_WARN_ENUM_CONVERSION = YES;
				CLANG_WARN_INFINITE_RECURSION = YES;
				CLANG_WARN_INT_CONVERSION = YES;
				CLANG_WARN_NON_LITERAL_NULL_CONVERSION = YES;
				CLANG_WARN_OBJC_IMPLICIT_RETAIN_SELF = YES;
				CLANG_WARN_OBJC_LITERAL_CONVERSION = YES;
				CLANG_WARN_OBJC_ROOT_CLASS = YES_ERROR;
				CLANG_WARN_QUOTED_INCLUDE_IN_FRAMEWORK_HEADER = YES;
				CLANG_WARN_RANGE_LOOP_ANALYSIS = YES;
				CLANG_WARN_STRICT_PROTOTYPES = YES;
				CLANG_WARN_SUSPICIOUS_MOVE = YES;
				CLANG_WARN_UNGUARDED_AVAILABILITY = YES_AGGRESSIVE;
				CLANG_WARN_UNREACHABLE_CODE = YES;
				CLANG_WARN__DUPLICATE_METHOD_MATCH = YES;
				COPY_PHASE_STRIP = NO;
				DEBUG_INFORMATION_FORMAT = "dwarf-with-dsym";
				ENABLE_NS_ASSERTIONS = NO;
				ENABLE_STRICT_OBJC_MSGSEND = YES;
				ENABLE_USER_SCRIPT_SANDBOXING = YES;
				GCC_C_LANGUAGE_STANDARD = gnu17;
				GCC_NO_COMMON_BLOCKS = YES;
				GCC_WARN_64_TO_32_BIT_CONVERSION = YES;
				GCC_WARN_ABOUT_RETURN_TYPE = YES_ERROR;
				GCC_WARN_UNDECLARED_SELECTOR = YES;
				GCC_WARN_UNINITIALIZED_AUTOS = YES_AGGRESSIVE;
				GCC_WARN_UNUSED_FUNCTION = YES;
				GCC_WARN_UNUSED_VARIABLE = YES;
				LOCALIZATION_PREFERS_STRING_CATALOGS = YES;
				MACOSX_DEPLOYMENT_TARGET = 15.0;
				MTL_ENABLE_DEBUG_INFO = NO;
				MTL_FAST_MATH = YES;
				SDKROOT = macosx;
				SWIFT_COMPILATION_MODE = wholemodule;
			};
			name = Release;
		};
		1BFF50B72DB07543007E7497 /* Debug */ = {
			isa = XCBuildConfiguration;
			buildSettings = {
				ASSETCATALOG_COMPILER_APPICON_NAME = AppIcon;
				ASSETCATALOG_COMPILER_GLOBAL_ACCENT_COLOR_NAME = AccentColor;
				CODE_SIGN_ENTITLEMENTS = Velvet/Velvet.entitlements;
				CODE_SIGN_STYLE = Automatic;
				COMBINE_HIDPI_IMAGES = YES;
				CURRENT_PROJECT_VERSION = 1;
				DEVELOPMENT_ASSET_PATHS = "\"Velvet/Preview Content\"";
				DEVELOPMENT_TEAM = "";
				ENABLE_HARDENED_RUNTIME = NO;
				ENABLE_PREVIEWS = YES;
				FRAMEWORK_SEARCH_PATHS = (
					"$(inherited)",
					"$(PROJECT_DIR)/Velvet",
					"$(PROJECT_DIR)",
				);
				GCC_SYMBOLS_PRIVATE_EXTERN = NO;
				GENERATE_INFOPLIST_FILE = YES;
				INFOPLIST_KEY_NSHumanReadableCopyright = "";
				LD_RUNPATH_SEARCH_PATHS = (
					"$(inherited)",
					"@executable_path/../Frameworks",
					"@executable_path/../SharedFrameworks",
				);
				LIBRARY_SEARCH_PATHS = "$(PROJECT_DIR)/../Satin/build";
				MARKETING_VERSION = 1.0;
				OTHER_LDFLAGS = (
					"-L$(PROJECT_DIR)/../Satin/build",
					"-lSatin",
					"-lSatinCore",
				);
				OTHER_SWIFT_FLAGS = "";
				PRODUCT_BUNDLE_IDENTIFIER = "io.hi-rez.Velvet";
				PRODUCT_NAME = "$(TARGET_NAME)";
				SWIFT_EMIT_LOC_STRINGS = YES;
				SWIFT_INCLUDE_PATHS = "$(PROJECT_DIR)/../Satin/build";
				SWIFT_VERSION = 5.0;
				SYSTEM_HEADER_SEARCH_PATHS = "$(PROJECT_DIR)/../Satin/build/include";
			};
			name = Debug;
		};
		1BFF50B82DB07543007E7497 /* Release */ = {
			isa = XCBuildConfiguration;
			buildSettings = {
				ASSETCATALOG_COMPILER_APPICON_NAME = AppIcon;
				ASSETCATALOG_COMPILER_GLOBAL_ACCENT_COLOR_NAME = AccentColor;
				CODE_SIGN_ENTITLEMENTS = Velvet/Velvet.entitlements;
				CODE_SIGN_STYLE = Automatic;
				COMBINE_HIDPI_IMAGES = YES;
				CURRENT_PROJECT_VERSION = 1;
				DEVELOPMENT_ASSET_PATHS = "\"Velvet/Preview Content\"";
				DEVELOPMENT_TEAM = "";
				ENABLE_HARDENED_RUNTIME = NO;
				ENABLE_PREVIEWS = YES;
				FRAMEWORK_SEARCH_PATHS = (
					"$(inherited)",
					"$(PROJECT_DIR)/Velvet",
					"$(PROJECT_DIR)",
				);
				GCC_SYMBOLS_PRIVATE_EXTERN = NO;
				GENERATE_INFOPLIST_FILE = YES;
				INFOPLIST_KEY_NSHumanReadableCopyright = "";
				LD_RUNPATH_SEARCH_PATHS = (
					"$(inherited)",
					"@executable_path/../Frameworks",
					"@executable_path/../SharedFrameworks",
				);
				LIBRARY_SEARCH_PATHS = "$(PROJECT_DIR)/../Satin/build";
				MARKETING_VERSION = 1.0;
				OTHER_LDFLAGS = (
					"-L$(PROJECT_DIR)/../Satin/build",
					"-lSatin",
					"-lSatinCore",
				);
				OTHER_SWIFT_FLAGS = "";
				PRODUCT_BUNDLE_IDENTIFIER = "io.hi-rez.Velvet";
				PRODUCT_NAME = "$(TARGET_NAME)";
				SWIFT_EMIT_LOC_STRINGS = YES;
				SWIFT_INCLUDE_PATHS = "$(PROJECT_DIR)/../Satin/build";
				SWIFT_VERSION = 5.0;
				SYSTEM_HEADER_SEARCH_PATHS = "$(PROJECT_DIR)/../Satin/build/include";
			};
			name = Release;
		};
/* End XCBuildConfiguration section */

/* Begin XCConfigurationList section */
		1BFF50A22DB07542007E7497 /* Build configuration list for PBXProject "Velvet" */ = {
			isa = XCConfigurationList;
			buildConfigurations = (
				1BFF50B42DB07543007E7497 /* Debug */,
				1BFF50B52DB07543007E7497 /* Release */,
			);
			defaultConfigurationIsVisible = 0;
			defaultConfigurationName = Release;
		};
		1BFF50B62DB07543007E7497 /* Build configuration list for PBXNativeTarget "Velvet" */ = {
			isa = XCConfigurationList;
			buildConfigurations = (
				1BFF50B72DB07543007E7497 /* Debug */,
				1BFF50B82DB07543007E7497 /* Release */,
			);
			defaultConfigurationIsVisible = 0;
			defaultConfigurationName = Release;
		};
/* End XCConfigurationList section */

/* Begin XCLocalSwiftPackageReference section */
		1BB86A042DB0B16500A91945 /* XCLocalSwiftPackageReference "../CodeEditorView" */ = {
			isa = XCLocalSwiftPackageReference;
			relativePath = ../CodeEditorView;
		};
		1BB86A6C2DB4512600A91945 /* XCLocalSwiftPackageReference "../Satin" */ = {
			isa = XCLocalSwiftPackageReference;
			relativePath = ../Satin;
		};
/* End XCLocalSwiftPackageReference section */

/* Begin XCSwiftPackageProductDependency section */
		1BB86A072DB0B16500A91945 /* LanguageSupport */ = {
			isa = XCSwiftPackageProductDependency;
			productName = LanguageSupport;
		};
		1BFF50CB2DB08DE5007E7497 /* CodeEditorView */ = {
			isa = XCSwiftPackageProductDependency;
			productName = CodeEditorView;
		};
		1BFF50CD2DB08DE5007E7497 /* LanguageSupport */ = {
			isa = XCSwiftPackageProductDependency;
			productName = LanguageSupport;
		};
/* End XCSwiftPackageProductDependency section */
	};
	rootObject = 1BFF509F2DB07542007E7497 /* Project object */;
}
